{
  "name": "dfm-react-pwa",
  "version": "1.0.0",
  "lockfileVersion": 3,
  "requires": true,
  "packages": {
    "": {
      "name": "dfm-react-pwa",
      "version": "1.0.0",
      "dependencies": {
        "@vitejs/plugin-react": "^4.3.4",
        "@zxing/browser": "^0.1.5",
        "react": "^19.0.0",
        "react-dom": "^19.0.0",
        "vite": "^6.0.5",
        "vite-plugin-pwa": "^0.21.1",
        "web-push": "^3.6.7"
      },
      "devDependencies": {}
    }
  }
}
